{
  "lockfileVersion": 1,
  "configVersion": 1,
  "workspaces": {
    "": {
      "name": "@svilupp/flightplan",
      "dependencies": {
        "@ai-sdk/google": "^3.0.119",
        "@ai-sdk/openai": "3.0.86",
        "@noble/hashes": "^2.4.0",
        "@openrouter/ai-sdk-provider": "^2.10.0",
        "ai": "^6.0.272",
        "browser-pilot": "^0.6.0",
        "chrome-launcher": "1.2.1",
        "smol-toml": "^1.4.2",
        "zod": "4.4.3",
      },
      "devDependencies": {
        "@biomejs/biome": "^2.5.2",
        "@types/bun": "latest",
        "@types/node": "^26.0.0",
        "just-bash": "^3.4.2",
        "oxlint": "^1.72.0",
        "oxlint-tsgolint": "^0.24.0",
        "typescript": "^5",
      },
    },
  },
  "packages": {
    "@ai-sdk/gateway": ["@ai-sdk/gateway@3.0.195", "", { "dependencies": { "@ai-sdk/provider": "3.0.16", "@ai-sdk/provider-utils": "4.0.51", "@vercel/oidc": "3.2.0" }, "peerDependencies": { "zod": "^3.25.76 || ^4.1.8" } }, "sha512-TOnH0V+ssLRCLL5u+ljOEoms4xJfKByduhzbsMIJdjH3sirRoi5CZ3d+c3t34JNWTb/CR25jsqH5lz6eiSVSWA=="],

    "@ai-sdk/google": ["@ai-sdk/google@3.0.123", "", { "dependencies": { "@ai-sdk/provider": "3.0.16", "@ai-sdk/provider-utils": "4.0.51" }, "peerDependencies": { "zod": "^3.25.76 || ^4.1.8" } }, "sha512-5r6Ie37dBzJltNwA4WkJV5xDMv9ntJHYjxTgO/11TtOjY4jJJA721w8wdsFZcpkIhtA4rRvCw/S1VYbtdqNvbQ=="],

    "@ai-sdk/openai": ["@ai-sdk/openai@3.0.86", "", { "dependencies": { "@ai-sdk/provider": "3.0.14", "@ai-sdk/provider-utils": "4.0.40" }, "peerDependencies": { "zod": "^3.25.76 || ^4.1.8" } }, "sha512-np3jjvNmWVZyBjI02a1fx4TzWVnOaOp3yJAfOJw9dxEAPmvnOhyx22TkFcJ91LqyFuCbGKZKtSBj6ee7ARsiPw=="],

    "@ai-sdk/provider": ["@ai-sdk/provider@3.0.16", "", { "dependencies": { "json-schema": "^0.4.0" } }, "sha512-9Av6kg0t/IN/dcYAAmEJ4B9OPhcEJqwSR+GfHEA8olRkindXpUHadc3p3cyvgFUQFTVm1G5thtsmgZ9yVb2w3A=="],

    "@ai-sdk/provider-utils": ["@ai-sdk/provider-utils@4.0.51", "", { "dependencies": { "@ai-sdk/provider": "3.0.16", "@standard-schema/spec": "^1.1.0", "eventsource-parser": "^3.0.8", "undici": "^6.28.0" }, "peerDependencies": { "zod": "^3.25.76 || ^4.1.8" } }, "sha512-ukLTs9x1Xm6lxSIwbJIxYQxbZHmVeIczNntARZrBcOa6pjdBhqeZnATNnJMHa7M9dZ8Ji5NJbpKpvz7o5XyBtg=="],

    "@biomejs/biome": ["@biomejs/biome@2.5.14", "", { "optionalDependencies": { "@biomejs/cli-darwin-arm64": "2.5.14", "@biomejs/cli-darwin-x64": "2.5.14", "@biomejs/cli-linux-arm64": "2.5.14", "@biomejs/cli-linux-arm64-musl": "2.5.14", "@biomejs/cli-linux-x64": "2.5.14", "@biomejs/cli-linux-x64-musl": "2.5.14", "@biomejs/cli-win32-arm64": "2.5.14", "@biomejs/cli-win32-x64": "2.5.14" }, "bin": { "biome": "bin/biome" } }, "sha512-0FabLIjd4M/dm8VFI86RMaLLdgepzbdfiAL2R8cr7V81OYYrP1w7Z73KfAwPK5h9SrEBXTzNG2y+mBwPo9xRnw=="],

    "@biomejs/cli-darwin-arm64": ["@biomejs/cli-darwin-arm64@2.5.14", "", { "os": "darwin", "cpu": "arm64" }, "sha512-UnzaXO65L4tsZimFITFP2M121GyhDcWFrT3pL5ZJ5U4XcS/0L5VHYytVohdCf/gnDUFHgl2I9xnt5bV/J1kxHQ=="],

    "@biomejs/cli-darwin-x64": ["@biomejs/cli-darwin-x64@2.5.14", "", { "os": "darwin", "cpu": "x64" }, "sha512-kiy8qA16K93J7uvFfWi4LgjqDpnRKyePAna6A0Y4jxyUga35SYpIZ2cNWlhy0lsfgqRenCpfymnJWEZ6mgpRgA=="],

    "@biomejs/cli-linux-arm64": ["@biomejs/cli-linux-arm64@2.5.14", "", { "os": "linux", "cpu": "arm64" }, "sha512-vO/9BaU1n30CiFNLx49gMTMtbCAAqlo/EqFoG0BU3deQInTbJrmXSmTQ9e3FoDZIKQnvSLDVNL4lx1ci7y1T1Q=="],

    "@biomejs/cli-linux-arm64-musl": ["@biomejs/cli-linux-arm64-musl@2.5.14", "", { "os": "linux", "cpu": "arm64" }, "sha512-SJ9PrZkBnnH9dHJDnxk34vKs0GB2dbsioaft6/hPhWJ7AHpwYH83Isnhj0FSRpFkGgpVfJ1lds23ApB2czUDLQ=="],

    "@biomejs/cli-linux-x64": ["@biomejs/cli-linux-x64@2.5.14", "", { "os": "linux", "cpu": "x64" }, "sha512-VHZRa7CCQBUWKxNwUvHJeuW03WFRgN5NWO//SDGOitc9QIeNyfA42V9zlKm+x82xFSG9Bzi5fi+hbhm9anO8yA=="],

    "@biomejs/cli-linux-x64-musl": ["@biomejs/cli-linux-x64-musl@2.5.14", "", { "os": "linux", "cpu": "x64" }, "sha512-2kI5PrMgW5dcEZYrstLPmUmCwkUwZY39rP4BN93Vxbwcs2O57LDQOktUZZYPvvspN5i0mhGr3TJtF5sU26NUWg=="],

    "@biomejs/cli-win32-arm64": ["@biomejs/cli-win32-arm64@2.5.14", "", { "os": "win32", "cpu": "arm64" }, "sha512-pHgAFffmZtaYoxavEsWEYNvcA7NwOIjLyqw2HXyLbt16xYryX0L4fMV2u0G9ag6LNYPIoqWaWqzUcnc6rLGGXg=="],

    "@biomejs/cli-win32-x64": ["@biomejs/cli-win32-x64@2.5.14", "", { "os": "win32", "cpu": "x64" }, "sha512-oJWmBhoHsnhUKIke+0gXDX0mltJrWHA1UyHsrTlXwX0TL64ilVZAo+TYZm97baecV0esBdpzy3k96q+09JaZUQ=="],

    "@borewit/text-codec": ["@borewit/text-codec@0.2.2", "", {}, "sha512-DDaRehssg1aNrH4+2hnj1B7vnUGEjU6OIlyRdkMd0aUdIUvKXrJfXsy8LVtXAy7DRvYVluWbMspsRhz2lcW0mQ=="],

    "@jitl/quickjs-ffi-types": ["@jitl/quickjs-ffi-types@0.32.0", "", {}, "sha512-v9T+GQpmk43VDJ7d72sf0Nexhk+ArvtUihW27dy7lqAl0zBObFKtSBBIm5RBjwIhE8VwsPPm9PNuvPvNqLWUEg=="],

    "@jitl/quickjs-wasmfile-debug-asyncify": ["@jitl/quickjs-wasmfile-debug-asyncify@0.32.0", "", { "dependencies": { "@jitl/quickjs-ffi-types": "0.32.0" } }, "sha512-EX8zbXwGqCgAE764M+qvkHtyXDi/FUoMBea0JnES7vCM3P7a2+EOZOjGv85wtZ2sJhI1oJ+nekmqpOODFDY+hw=="],

    "@jitl/quickjs-wasmfile-debug-sync": ["@jitl/quickjs-wasmfile-debug-sync@0.32.0", "", { "dependencies": { "@jitl/quickjs-ffi-types": "0.32.0" } }, "sha512-LeYWrPGC1uNCTBWvibo3ZLJj0CSVNYUXvJpXMCmuQ5Sap2cCACc3uvGvYV4homHHBAzfw5akoTqMMS4YFRtw+Q=="],

    "@jitl/quickjs-wasmfile-release-asyncify": ["@jitl/quickjs-wasmfile-release-asyncify@0.32.0", "", { "dependencies": { "@jitl/quickjs-ffi-types": "0.32.0" } }, "sha512-3oSwPfja12ICz4aIblB58cuY8JlEq5Txt8Cut4VLo+LH47QN+mzCnSgnbB03hWzg1LBcc+VyyI9UOag7a1NF+Q=="],

    "@jitl/quickjs-wasmfile-release-sync": ["@jitl/quickjs-wasmfile-release-sync@0.32.0", "", { "dependencies": { "@jitl/quickjs-ffi-types": "0.32.0" } }, "sha512-BKNDI/TPBfGlLNGYpLrhcDGXmIk4xHm4MRAisOBnOzpXVn9HZWsfmMAc9WMBrAHjvvds6HOikKeaOBKdPdpVrg=="],

    "@mixmark-io/domino": ["@mixmark-io/domino@2.2.0", "", {}, "sha512-Y28PR25bHXUg88kCV7nivXrP2Nj2RueZ3/l/jdx6J9f8J4nsEGcgX0Qe6lt7Pa+J79+kPiJU3LguR6O/6zrLOw=="],

    "@mongodb-js/zstd": ["@mongodb-js/zstd@7.0.0", "", { "dependencies": { "node-addon-api": "^8.5.0", "prebuild-install": "^7.1.3" } }, "sha512-mQ2s0pYYiav+tzCDR05Zptem8Ey2v8s11lri5RKGhTtL4COVCvVCk5vtyRYNT+9L8qSfyOqqefF9UtnW8mC5jA=="],

    "@noble/hashes": ["@noble/hashes@2.4.0", "", {}, "sha512-X5XaVWZIBCT7HHZGm5I7ZQXDwLG+bGXuSrMQAW+7Zvl87h1kmc1ZB1VSRJcpUfoUrGQp4Fkoxm5kZ+Ms+aW+eA=="],

    "@nodable/entities": ["@nodable/entities@3.0.0", "", {}, "sha512-8L9xFeTYKhm49xfIypoe2W5wV1m/3Z58kT+7kR9A8OyFxcPduI4VmxaUMQyKYrRjUoLLSXv6EKKID5Tvj9cUVw=="],

    "@openrouter/ai-sdk-provider": ["@openrouter/ai-sdk-provider@2.10.0", "", { "peerDependencies": { "ai": "^6.0.0", "zod": "^3.25.0 || ^4.0.0" } }, "sha512-FMsAEjLUt5pWuRE2LDC/LCvVrFjLlrEzUITH5+5SZtfq7KZ2wrOHjQVxzz92sju8S9ltpzW87CLW8/b0oBXVCw=="],

    "@opentelemetry/api": ["@opentelemetry/api@1.9.1", "", {}, "sha512-gLyJlPHPZYdAk1JENA9LeHejZe1Ti77/pTeFm/nMXmQH/HFZlcS/O2XJB+L8fkbrNSqhdtlvjBVjxwUYanNH5Q=="],

    "@oxlint-tsgolint/darwin-arm64": ["@oxlint-tsgolint/darwin-arm64@0.24.0", "", { "os": "darwin", "cpu": "arm64" }, "sha512-C2uMmwK5Bc4ri4ysZ6sA8Rcu+A5zBQTp6ml2u0CLLbRZp4kMFPV3yWk8B5DK9Aw7y9bbjogIm75tUwGLFzlsYQ=="],

    "@oxlint-tsgolint/darwin-x64": ["@oxlint-tsgolint/darwin-x64@0.24.0", "", { "os": "darwin", "cpu": "x64" }, "sha512-Wgvt/1lRbDxmoNqWQKKcL+UIiqLmdJ+EWLpQa1qzoNVAfNB0PJpa82/8dH1twT/3rSs4zrP5TXPWl4juB71WuQ=="],

    "@oxlint-tsgolint/linux-arm64": ["@oxlint-tsgolint/linux-arm64@0.24.0", "", { "os": "linux", "cpu": "arm64" }, "sha512-PB1rxII7KV83+ASY4sSkXtqvpij6ME66+QCRL49uksi/ofs2Rf/UVboYr095n0Rkbl2wgvlsHGl6DHC361jQUQ=="],

    "@oxlint-tsgolint/linux-x64": ["@oxlint-tsgolint/linux-x64@0.24.0", "", { "os": "linux", "cpu": "x64" }, "sha512-xcz3CxKmjTQLREtE/UShh+ruWmm9nAb7UM9zKcD65BStiuYgOakAKkPHl4YS5DztpVcDrE0+HqbOolTlRKYWmw=="],

    "@oxlint-tsgolint/win32-arm64": ["@oxlint-tsgolint/win32-arm64@0.24.0", "", { "os": "win32", "cpu": "arm64" }, "sha512-A2i6ZGBec3i20S7RaxkgHc6r3HYtD5Mn7j/mb22NkTz14u0JuudvTu6JggAnbGMcv8+dBKQI//EasxSPJLD8pw=="],

    "@oxlint-tsgolint/win32-x64": ["@oxlint-tsgolint/win32-x64@0.24.0", "", { "os": "win32", "cpu": "x64" }, "sha512-0ZbGd9qRB6zs82moekaKdEvncRANq49EAwfNX62JpTS46feXUhKAuoyVDvZMj6Rywejylrmmu79Wo6faYCo4Ew=="],

    "@oxlint/binding-android-arm-eabi": ["@oxlint/binding-android-arm-eabi@1.83.0", "", { "os": "android", "cpu": "arm" }, "sha512-0yGY24EwsLk5YDe6F+VkmZyRHSwJDALa3nIrPpq7FXmp2lV2d0TzvBCGeZk+wgiULRGr5blhyr4QMp5KCXJUqA=="],

    "@oxlint/binding-android-arm64": ["@oxlint/binding-android-arm64@1.83.0", "", { "os": "android", "cpu": "arm64" }, "sha512-hHfJ0vc17A4iUjH5p9BsTUPYbYRNxGpvD2lbu1aBRk54bzNIx9o5TtYF39QPZcV95DagZd+4DEAw2RH3G2ZsMg=="],

    "@oxlint/binding-darwin-arm64": ["@oxlint/binding-darwin-arm64@1.83.0", "", { "os": "darwin", "cpu": "arm64" }, "sha512-hsOjYjszLb/3zym/TkzUMPAoQlTJcuzSyEPOAyA+skXJIX9M0o+4JfOtqopX/Vf4hSLrJ98j0nvFo23gzk8auQ=="],

    "@oxlint/binding-darwin-x64": ["@oxlint/binding-darwin-x64@1.83.0", "", { "os": "darwin", "cpu": "x64" }, "sha512-mjh5oH2EA+wl5yRJYT9K9G61O2zFlpuv+yf2JwZOi0+dq2FnTUtm1h8i+5Ik0fXPWIu/k84I1psZR9aQsLAnyA=="],

    "@oxlint/binding-freebsd-x64": ["@oxlint/binding-freebsd-x64@1.83.0", "", { "os": "freebsd", "cpu": "x64" }, "sha512-fNHr64/YaO8YssuoDVC8+F4Uk5enR86q5uxfHkQrjAPs1dbAILOrD2uaud+J7MO8Fx774g44ERLD0IGIvZE48w=="],

    "@oxlint/binding-linux-arm-gnueabihf": ["@oxlint/binding-linux-arm-gnueabihf@1.83.0", "", { "os": "linux", "cpu": "arm" }, "sha512-Qpwy3zzAwMj+8/lyYItHmkSMwbkprFNWTK7jPYDOxSyxEhaSLOWYUTCMkjF334J8/WD0nznCCsoBbIH6hpsuIw=="],

    "@oxlint/binding-linux-arm-musleabihf": ["@oxlint/binding-linux-arm-musleabihf@1.83.0", "", { "os": "linux", "cpu": "arm" }, "sha512-s+BirYLFq7JL2k9sP0XI3ZXJ9dYvJ8sX3jLCLoag7tt+zrSHpZxP0jqznfL+Gdgwu7ay0dYgGYJXrQvq3iWloA=="],

    "@oxlint/binding-linux-arm64-gnu": ["@oxlint/binding-linux-arm64-gnu@1.83.0", "", { "os": "linux", "cpu": "arm64" }, "sha512-7lihXt3vKr+GIyapNbHrnFHm/biiW30le6Zv/DExbAFPF6YwCQXVFlONPFehxs0CpGO4CBfYPM9rdDT+XMoIlg=="],

    "@oxlint/binding-linux-arm64-musl": ["@oxlint/binding-linux-arm64-musl@1.83.0", "", { "os": "linux", "cpu": "arm64" }, "sha512-q63JalLYVkZiZvls1z3PPUnpmQluOMXp0khqQMznCeAPLGydfNY8JhvuA4WlK57JfrvikU8wB5lPVveqpIXvew=="],

    "@oxlint/binding-linux-ppc64-gnu": ["@oxlint/binding-linux-ppc64-gnu@1.83.0", "", { "os": "linux", "cpu": "ppc64" }, "sha512-krQmDF+dRbxvdqVPV88ZuOoPPu8X5BuqDA8Hd+qcS4YMRQCb+nexA57DazgGsc/rGdKBe3QmV0mnv0bdpW/p5g=="],

    "@oxlint/binding-linux-riscv64-gnu": ["@oxlint/binding-linux-riscv64-gnu@1.83.0", "", { "os": "linux", "cpu": "none" }, "sha512-MmOl8Y6txEAXZU1RG8Rr264jQ6D7VPmqFsU/45x/FeWsGe32hklTqGrLE6UxHzp5Rjt0wP+20tY8YXKgSFB3mw=="],

    "@oxlint/binding-linux-riscv64-musl": ["@oxlint/binding-linux-riscv64-musl@1.83.0", "", { "os": "linux", "cpu": "none" }, "sha512-u1rMymh0W3JZkq370kzQsYPULGWqhE09pZRqnZvUSoYaI9pVO5yVX+iYIslmWuEgwuzH9YAaOsScJiobWCHoOw=="],

    "@oxlint/binding-linux-s390x-gnu": ["@oxlint/binding-linux-s390x-gnu@1.83.0", "", { "os": "linux", "cpu": "s390x" }, "sha512-y0zK3HNwGysu7rqtE+BQG/d0bx5gh/KwlOtghN8oWeK1KcWzeaLqtZrbm8owqdma1lFyrce/hTO5ismuNu+INQ=="],

    "@oxlint/binding-linux-x64-gnu": ["@oxlint/binding-linux-x64-gnu@1.83.0", "", { "os": "linux", "cpu": "x64" }, "sha512-rS5gM0NgD7ngmuJmbIehsidtrOwKkLFwCQbKEeb9KuyQrrWNq5Zkn0uV6AYdXOMJ0grrWEiLwBuvMxt8w5vsNw=="],

    "@oxlint/binding-linux-x64-musl": ["@oxlint/binding-linux-x64-musl@1.83.0", "", { "os": "linux", "cpu": "x64" }, "sha512-W2IH4EtpcPaWcvNGCA95YoDg4vxqE/ZiPCi3arrxEEpsK7+JQN9WYwrlYFx9pcdP6KPXqRqkv3zdQPHcx7b6YQ=="],

    "@oxlint/binding-openharmony-arm64": ["@oxlint/binding-openharmony-arm64@1.83.0", "", { "os": "none", "cpu": "arm64" }, "sha512-6LyKkUyoajssTPLlZmDbZIbu4IZ5B4bGuRUnBgCGpEvHP3FQMaYITncHA/unPUo7q+Z+pIu2HhdkQ+8d1SG7iA=="],

    "@oxlint/binding-win32-arm64-msvc": ["@oxlint/binding-win32-arm64-msvc@1.83.0", "", { "os": "win32", "cpu": "arm64" }, "sha512-Uz/fObEtF0jmNJQJ8CGRBKfefYstS0/wjD3s6IGzP8nUwsJykHQJBiN3npHwKiGRGn/vvBEgNr4B3cCzmmatvg=="],

    "@oxlint/binding-win32-ia32-msvc": ["@oxlint/binding-win32-ia32-msvc@1.83.0", "", { "os": "win32", "cpu": "ia32" }, "sha512-u7XcvPW6Bk58tY5iWs2ESb0vJjoE/kuSpHxopbwp/p3ZtWVQXZ6wor5w3ssVTHOqd/v8b+QdhSFWQ4grEUNWpA=="],

    "@oxlint/binding-win32-x64-msvc": ["@oxlint/binding-win32-x64-msvc@1.83.0", "", { "os": "win32", "cpu": "x64" }, "sha512-LZRubd7ph13QmAg4fFecTYVZkiYbROR2Htaxh/ufWRkDhPOm2wrwaEYR89e0YpPFD3dqBrPoxS7myBw5hmYA7Q=="],

    "@standard-schema/spec": ["@standard-schema/spec@1.1.0", "", {}, "sha512-l2aFy5jALhniG5HgqrD6jXLi/rUWrKvqN/qJx6yoJsgKhblVd+iqqU4RCXavm/jPityDo5TCvKMnpjKnOriy0w=="],

    "@tokenizer/inflate": ["@tokenizer/inflate@0.4.1", "", { "dependencies": { "debug": "^4.4.3", "token-types": "^6.1.1" } }, "sha512-2mAv+8pkG6GIZiF1kNg1jAjh27IDxEPKwdGul3snfztFerfPGI1LjDezZp3i7BElXompqEtPmoPx6c2wgtWsOA=="],

    "@tokenizer/token": ["@tokenizer/token@0.3.0", "", {}, "sha512-OvjF+z51L3ov0OyAU0duzsYuvO01PH7x4t6DJx+guahgTnBHkhJdG7soQeTSFLWN3efnHyibZ4Z8l2EuWwJN3A=="],

    "@types/bun": ["@types/bun@1.4.2", "", { "dependencies": { "bun-types": "1.4.2" } }, "sha512-GimotNn7+ZV0uVArItBbriZsR1oNf0+WTzPkdcFrzShI7k2norL0uzEaJT8T33dWr7O/c9ZDuAFQrctKCi72oQ=="],

    "@types/node": ["@types/node@26.6.1", "", { "dependencies": { "undici-types": "~8.9.0" } }, "sha512-VqGJBMCtdhqkBUCcBLvywI0NJ+KLuVzgNnlBUNFOQjqVxzo2lxLUNg1DSey8+u2u6ktswSAxg+s68QLzWHNOuA=="],

    "@vercel/oidc": ["@vercel/oidc@3.2.0", "", {}, "sha512-UycprH3T6n3jH0k44NHMa7pnFHGu/N05MjojYr+Mc6I7obkoLIJujSWwin1pCvdy/eOxrI/l3uDLQsmcrOb4ug=="],

    "ai": ["ai@6.0.284", "", { "dependencies": { "@ai-sdk/gateway": "3.0.195", "@ai-sdk/provider": "3.0.16", "@ai-sdk/provider-utils": "4.0.51", "@opentelemetry/api": "^1.9.0" }, "peerDependencies": { "zod": "^3.25.76 || ^4.1.8" } }, "sha512-rhDIKErPFf8arCxIQA+sBmtmQpckjTTzKiJjgXg/6D5tdhkfeTrwb5Atpy8pGRam+oXJNloS8tWSxCECg8abvg=="],

    "anynum": ["anynum@1.0.1", "", {}, "sha512-N6//FLET/tXYNM/F6ABca1oH6fWB+KlTt909Le28WMDBk8oaT4vY17DCrwg2MvmuqUKt3Ni4N5dGJ/EoBgcO6A=="],

    "balanced-match": ["balanced-match@4.0.4", "", {}, "sha512-BLrgEcRTwX2o6gGxGOCNyMvGSp35YofuYzw9h1IMTRmKqttAZZVU67bdb9Pr2vUHA8+j3i2tJfjO6C6+4myGTA=="],

    "base64-js": ["base64-js@1.5.1", "", {}, "sha512-AKpaYlHn8t4SVbOHCy+b5+KKgvR4vrsD8vbvrbiQJps7fKDTkjkDry6ji0rUJjC0kzbNePLwzxq8iypo41qeWA=="],

    "bl": ["bl@4.1.0", "", { "dependencies": { "buffer": "^5.5.0", "inherits": "^2.0.4", "readable-stream": "^3.4.0" } }, "sha512-1W07cM9gS6DcLperZfFSj+bWLtaPGSOHWhPiGzXmvVJbRLdG82sH/Kn8EtW1VqWVA54AKf2h5k5BbnIbwF3h6w=="],

    "brace-expansion": ["brace-expansion@5.0.12", "", { "dependencies": { "balanced-match": "^4.0.2" } }, "sha512-YovQ3rzhaLMIrDjNDMkNS01tea93qhEhG5xy8f6+R0l+dw3Ki+5sCoIoI942iuLZTHWogWktgwVDhU09iNEimQ=="],

    "browser-pilot": ["browser-pilot@0.6.0", "", { "peerDependencies": { "just-bash": ">=3.4.0" }, "optionalPeers": ["just-bash"], "bin": { "bp": "dist/cli.mjs", "browser-pilot": "dist/cli.mjs" } }, "sha512-/g3SK0qef8MItqZuDMXjCeuf/khOnixhIBY7tvnRTQbczFwIMNzq6i/tuPAkm2cslS7cqg1iL9PvYvT5l6HXSQ=="],

    "buffer": ["buffer@5.7.1", "", { "dependencies": { "base64-js": "^1.3.1", "ieee754": "^1.1.13" } }, "sha512-EHcyIPBQ4BSGlvjB16k5KgAJ27CIsHY/2JBmCRReo48y9rQ3MaUzWX3KVlBa4U7MyX02HdVj0K7C3WaB3ju7FQ=="],

    "bun-types": ["bun-types@1.4.2", "", { "dependencies": { "@types/node": "*" } }, "sha512-bxV1FgK7yBIzjRe5zBozIM4Bem11ZJcCXSrjWRG3YWLt8yFDePu4cLjpebO8OvPeIE9trbyPF4fuj3Cia4Fj3w=="],

    "chownr": ["chownr@1.1.4", "", {}, "sha512-jJ0bqzaylmJtVnNgzTeSOs8DPavpbYgEr/b0YL8/2GO3xJEhInFmhKMUnEJQjZumK7KXGFhUy89PrsJWlakBVg=="],

    "chrome-launcher": ["chrome-launcher@1.2.1", "", { "dependencies": { "@types/node": "*", "escape-string-regexp": "^4.0.0", "is-wsl": "^2.2.0", "lighthouse-logger": "^2.0.1" }, "bin": { "print-chrome-path": "bin/print-chrome-path.cjs" } }, "sha512-qmFR5PLMzHyuNJHwOloHPAHhbaNglkfeV/xDtt5b7xiFFyU1I+AZZX0PYseMuhenJSSirgxELYIbswcoc+5H4A=="],

    "commander": ["commander@6.2.1", "", {}, "sha512-U7VdrJFnJgo4xjrHpTzu0yrHPGImdsmD95ZlgYSEajAn2JKzDhDTPG9kBTefmObL2w/ngeZnilk+OV9CG3d7UA=="],

    "debug": ["debug@4.4.3", "", { "dependencies": { "ms": "^2.1.3" } }, "sha512-RGwwWnwQvkVfavKVt22FGLw+xYSdzARwm0ru6DhTVA3umU5hZc28V3kO4stgYryrTlLpuvgI9GiijltAjNbcqA=="],

    "decompress-response": ["decompress-response@6.0.0", "", { "dependencies": { "mimic-response": "^3.1.0" } }, "sha512-aW35yZM6Bb/4oJlZncMH2LCoZtJXTRxES17vE3hoRiowU2kWHaJKFkSBDnDR+cm9J+9QhXmREyIfv0pji9ejCQ=="],

    "deep-extend": ["deep-extend@0.6.0", "", {}, "sha512-LOHxIOaPYdHlJRtCQfDIVZtfw/ufM8+rVj649RIHzcm/vGwQRXFt6OPqIFWsm2XEMrNIEtWR64sY1LEKD2vAOA=="],

    "detect-libc": ["detect-libc@2.1.2", "", {}, "sha512-Btj2BOOO83o3WyH59e8MgXsxEQVcarkUOpEYrubB0urwnN10yQ364rsiByU11nZlqWYZm05i/of7io4mzihBtQ=="],

    "diff": ["diff@8.0.4", "", {}, "sha512-DPi0FmjiSU5EvQV0++GFDOJ9ASQUVFh5kD+OzOnYdi7n3Wpm9hWWGfB/O2blfHcMVTL5WkQXSnRiK9makhrcnw=="],

    "end-of-stream": ["end-of-stream@1.4.5", "", { "dependencies": { "once": "^1.4.0" } }, "sha512-ooEGc6HP26xXq/N+GCGOT0JKCLDGrq2bQUZrQ7gyrJiZANJ/8YDTxTpQBXGMn+WbIQXNVpyWymm7KYVICQnyOg=="],

    "escape-string-regexp": ["escape-string-regexp@4.0.0", "", {}, "sha512-TtpcNJ3XAzx3Gq8sWRzJaVajRs0uVxA2YAkdb1jm2YkPz4G6egUFAyA3n5vtEIZefPk5Wa4UXbKuS5fKkJWdgA=="],

    "eventsource-parser": ["eventsource-parser@3.1.1", "", {}, "sha512-EKN1vKAMcZ8MlYMpaNuxN6R9yakzH6uajHcHVTqWJzvu5pWw9DyhbP35HH8MVBQ+dZjAfDxk+A8NiR9KWaXiyQ=="],

    "expand-template": ["expand-template@2.0.3", "", {}, "sha512-XYfuKMvj4O35f/pOXLObndIRvyQ+/+6AhODh+OKWj9S9498pHHn/IMszH+gt0fBCRWMNfk1ZSp5x3AifmnI2vg=="],

    "fast-xml-builder": ["fast-xml-builder@1.3.1", "", { "dependencies": { "path-expression-matcher": "^1.6.2", "xml-naming": "^0.3.0" } }, "sha512-pIM/1n3ntFXKYrUZwW7QCK0gAW7XY+wzj1YMIV3tLDvPj/V+zTGJK5e3/4WJfwj0qWw2ElNXiTixda/R+3YSug=="],

    "fast-xml-parser": ["fast-xml-parser@5.11.1", "", { "dependencies": { "@nodable/entities": "^3.0.0", "fast-xml-builder": "^1.2.0", "is-unsafe": "^2.0.0", "path-expression-matcher": "^1.6.2", "strnum": "^2.4.2", "xml-naming": "^0.3.0" }, "bin": { "fxparser": "src/cli/cli.js" } }, "sha512-TBw6K/fxoQGGjCmZDw9w/ZwP3uDcnTM4YH/g+PFRWr8sbe5idXtxNN6vITh4+1ruCZaho6uBFurElsA7F0zzgw=="],

    "file-type": ["file-type@21.3.4", "", { "dependencies": { "@tokenizer/inflate": "^0.4.1", "strtok3": "^10.3.4", "token-types": "^6.1.1", "uint8array-extras": "^1.4.0" } }, "sha512-Ievi/yy8DS3ygGvT47PjSfdFoX+2isQueoYP1cntFW1JLYAuS4GD7NUPGg4zv2iZfV52uDyk5w5Z0TdpRS6Q1g=="],

    "fs-constants": ["fs-constants@1.0.0", "", {}, "sha512-y6OAwoSIf7FyjMIv94u+b5rdheZEjzR63GTyZJm5qh4Bi+2YgwLCcI/fPFZkL5PSixOt6ZNKm+w+Hfp/Bciwow=="],

    "github-from-package": ["github-from-package@0.0.0", "", {}, "sha512-SyHy3T1v2NUXn29OsWdxmK6RwHD+vkj3v8en8AOBZ1wBQ/hCAQ5bAQTD02kW4W9tUp/3Qh6J8r9EvntiyCmOOw=="],

    "ieee754": ["ieee754@1.2.1", "", {}, "sha512-dcyqhDvX1C46lXZcVqCpK+FtMRQVdIMN6/Df5js2zouUsqG7I6sFxitIC+7KYK29KdXOLHdu9zL4sFnoVQnqaA=="],

    "inherits": ["inherits@2.0.4", "", {}, "sha512-k/vGaX4/Yla3WzyMCvTQOXYeIHvqOKtnqBduzTHpzpQZzAskKMhZ2K+EnBiSM9zGSoIFeMpXKxa4dYeZIQqewQ=="],

    "ini": ["ini@6.0.0", "", {}, "sha512-IBTdIkzZNOpqm7q3dRqJvMaldXjDHWkEDfrwGEQTs5eaQMWV+djAhR+wahyNNMAa+qpbDUhBMVt4ZKNwpPm7xQ=="],

    "is-docker": ["is-docker@2.2.1", "", { "bin": { "is-docker": "cli.js" } }, "sha512-F+i2BKsFrH66iaUFc0woD8sLy8getkwTwtOBjvs56Cx4CgJDeKQeqfz8wAYiSb8JOprWhHH5p77PbmYCvvUuXQ=="],

    "is-unsafe": ["is-unsafe@2.0.2", "", {}, "sha512-HgbIHPBH0KHHCcjLfGsCvhtPTVxjaAZlXjwdz7/GQC40SjSe4sfQsar8J5VFo8JOSbarkpV0OLG95bbaNd9aAQ=="],

    "is-wsl": ["is-wsl@2.2.0", "", { "dependencies": { "is-docker": "^2.0.0" } }, "sha512-fKzAra0rGJUUBwGBgNkHZuToZcn+TtXHpeCgmkMJMMYx1sQDYaCSyjJBSCa2nH1DGm7s3n1oBnohoVTBaN7Lww=="],

    "json-schema": ["json-schema@0.4.0", "", {}, "sha512-es94M3nTIfsEPisRafak+HDLfHXnKBhV3vU5eqPcS3flIWqcxJWgXHXiey3YrpaNsanY5ei1VoYEbOzijuq9BA=="],

    "just-bash": ["just-bash@3.4.2", "", { "dependencies": { "diff": "^8.0.4", "fast-xml-parser": "^5.10.1", "file-type": "^21.3.4", "ini": "^6.0.0", "minimatch": "^10.2.6", "modern-tar": "^0.7.7", "papaparse": "^5.6.0", "quickjs-emscripten": "^0.32.0", "re2js": "^1.3.3", "seek-bzip": "^2.0.0", "smol-toml": "^1.8.0", "sprintf-js": "^1.1.3", "sql.js": "^1.14.1", "turndown": "^7.2.4", "undici": "^7.29.0", "yaml": "^2.9.0" }, "optionalDependencies": { "@mongodb-js/zstd": "^7.0.0", "node-liblzma": "^2.2.0" }, "bin": { "just-bash": "dist/bin/just-bash.js", "just-bash-shell": "dist/bin/shell/shell.js" } }, "sha512-T0Vpy7YRgCjxJdqG3tkxn0ZnIDLJvVwb8hH4L+6NVdp+Te27jQxjxnszW9ODjEKbWxWujj83rP5S0GQxCSufgg=="],

    "lighthouse-logger": ["lighthouse-logger@2.0.2", "", { "dependencies": { "debug": "^4.4.1", "marky": "^1.2.2" } }, "sha512-vWl2+u5jgOQuZR55Z1WM0XDdrJT6mzMP8zHUct7xTlWhuQs+eV0g+QL0RQdFjT54zVmbhLCP8vIVpy1wGn/gCg=="],

    "marky": ["marky@1.3.0", "", {}, "sha512-ocnPZQLNpvbedwTy9kNrQEsknEfgvcLMvOtz3sFeWApDq1MXH1TqkCIx58xlpESsfwQOnuBO9beyQuNGzVvuhQ=="],

    "mimic-response": ["mimic-response@3.1.0", "", {}, "sha512-z0yWI+4FDrrweS8Zmt4Ej5HdJmky15+L2e6Wgn3+iK5fWzb6T3fhNFq2+MeTRb064c6Wr4N/wv0DzQTjNzHNGQ=="],

    "minimatch": ["minimatch@10.2.6", "", { "dependencies": { "brace-expansion": "^5.0.8" } }, "sha512-vpLQEs+VLCr1nU0BXS07maYoFwlDAH0gngQuuttxIwutDFEMHq2blX+8vpgxDdK3J1PwjCJiep77OitTZ4Ll1A=="],

    "minimist": ["minimist@1.2.8", "", {}, "sha512-2yyAR8qBkN3YuheJanUpWC5U3bb5osDywNB8RzDVlDwDHbocAJveqqj1u8+SVD7jkWT4yvsHCpWqqWqAxb0zCA=="],

    "mkdirp-classic": ["mkdirp-classic@0.5.3", "", {}, "sha512-gKLcREMhtuZRwRAfqP3RFW+TK4JqApVBtOIftVgjuABpAtpxhPGaDcfvbhNvD0B8iD1oUr/txX35NjcaY6Ns/A=="],

    "modern-tar": ["modern-tar@0.7.7", "", {}, "sha512-t9VmxaqrmANnEOBhpSDI6HD192Ge48k8vmWqQQL7hSFEqHEYwZbbsu49+aKLWZeRvFs3j1pMhXOqqF4kPlvjkQ=="],

    "ms": ["ms@2.1.3", "", {}, "sha512-6FlzubTLZG3J2a/NVCAleEhjzq5oxgHyaCU9yYXvcLsvoVaHJq/s5xXI6/XXP6tz7R9xAOtHnSO/tXtF3WRTlA=="],

    "napi-build-utils": ["napi-build-utils@2.0.0", "", {}, "sha512-GEbrYkbfF7MoNaoh2iGG84Mnf/WZfB0GdGEsM8wz7Expx/LlWf5U8t9nvJKXSp3qr5IsEbK04cBGhol/KwOsWA=="],

    "node-abi": ["node-abi@3.96.0", "", { "dependencies": { "semver": "^7.3.5" } }, "sha512-rebQ/lz7i0EkoLzUVSrKRzA69zMkwLp95kKMWoMDkkM00Suxz0D7zEQPwRml5fQum24mj7bPvmlgLAmu2JCiYg=="],

    "node-addon-api": ["node-addon-api@8.9.2", "", {}, "sha512-VijLXbi3UACN69I0JVXJsX4tjACjNoQDgv2gTF6sx2wWEi8tkSg2eX8p5gSIFi8z2+DL3oHmY6OyKce38SDolg=="],

    "node-gyp-build": ["node-gyp-build@4.8.4", "", { "bin": { "node-gyp-build": "bin.js", "node-gyp-build-optional": "optional.js", "node-gyp-build-test": "build-test.js" } }, "sha512-LA4ZjwlnUblHVgq0oBF3Jl/6h/Nvs5fzBLwdEF4nuxnFdsfajde4WfxtJr3CaiH+F6ewcIB/q4jQ4UzPyid+CQ=="],

    "node-liblzma": ["node-liblzma@2.2.0", "", { "dependencies": { "node-addon-api": "^8.5.0", "node-gyp-build": "^4.8.4" }, "bin": { "nxz": "lib/cli/nxz.js" } }, "sha512-s0KzNOWwOJJgPG6wxg6cKohnAl9Wk/oW1KrQaVzJBjQwVcUGPQCzpR46Ximygjqj/3KhOrtJXnYMp/xYAXp75g=="],

    "once": ["once@1.4.0", "", { "dependencies": { "wrappy": "1" } }, "sha512-lNaJgI+2Q5URQBkccEKHTQOPaXdUxnZZElQTZY0MFUAuaEqe1E+Nyvgdz/aIyNi6Z9MzO5dv1H8n58/GELp3+w=="],

    "oxlint": ["oxlint@1.83.0", "", { "optionalDependencies": { "@oxlint/binding-android-arm-eabi": "1.83.0", "@oxlint/binding-android-arm64": "1.83.0", "@oxlint/binding-darwin-arm64": "1.83.0", "@oxlint/binding-darwin-x64": "1.83.0", "@oxlint/binding-freebsd-x64": "1.83.0", "@oxlint/binding-linux-arm-gnueabihf": "1.83.0", "@oxlint/binding-linux-arm-musleabihf": "1.83.0", "@oxlint/binding-linux-arm64-gnu": "1.83.0", "@oxlint/binding-linux-arm64-musl": "1.83.0", "@oxlint/binding-linux-ppc64-gnu": "1.83.0", "@oxlint/binding-linux-riscv64-gnu": "1.83.0", "@oxlint/binding-linux-riscv64-musl": "1.83.0", "@oxlint/binding-linux-s390x-gnu": "1.83.0", "@oxlint/binding-linux-x64-gnu": "1.83.0", "@oxlint/binding-linux-x64-musl": "1.83.0", "@oxlint/binding-openharmony-arm64": "1.83.0", "@oxlint/binding-win32-arm64-msvc": "1.83.0", "@oxlint/binding-win32-ia32-msvc": "1.83.0", "@oxlint/binding-win32-x64-msvc": "1.83.0" }, "peerDependencies": { "oxlint-tsgolint": ">=7.0.2001", "vite-plus": "*" }, "optionalPeers": ["oxlint-tsgolint", "vite-plus"], "bin": { "oxlint": "bin/oxlint" } }, "sha512-cyDzSzaw3uzP0TeCeq3lLRPPoaUxkbB4ZOXj+kn+5r+BX9V+4bNVGk9lxer+WrgcpebH4JxLlJ3KQjveVztOLQ=="],

    "oxlint-tsgolint": ["oxlint-tsgolint@0.24.0", "", { "optionalDependencies": { "@oxlint-tsgolint/darwin-arm64": "0.24.0", "@oxlint-tsgolint/darwin-x64": "0.24.0", "@oxlint-tsgolint/linux-arm64": "0.24.0", "@oxlint-tsgolint/linux-x64": "0.24.0", "@oxlint-tsgolint/win32-arm64": "0.24.0", "@oxlint-tsgolint/win32-x64": "0.24.0" }, "bin": { "tsgolint": "bin/tsgolint.js" } }, "sha512-giCk5sEvG02d5tzPmFMX3hem8ndzEEu1xvGYS5OwNfO2WGl6ZVxt5LjE0yiMDoz94INI7XkXwgFAQiydPvVHDw=="],

    "papaparse": ["papaparse@5.7.0", "", {}, "sha512-qBGxg/7Q3Kl9Wfhrz2Z74UnvnHTXLNG6jmKJFeBvP2+y4lV7So+7SR62+Zd47JvdrCkX+nDcnr0ObPzek/+6RA=="],

    "path-expression-matcher": ["path-expression-matcher@1.6.2", "", {}, "sha512-enSlaiat05iasnzmgNxRj8reFdj3puY2QpNgP1aPIaVfT6nn9ICuPoFlKHk8EN22HcwewshO+mN2DGbkCEOtqQ=="],

    "prebuild-install": ["prebuild-install@7.1.3", "", { "dependencies": { "detect-libc": "^2.0.0", "expand-template": "^2.0.3", "github-from-package": "0.0.0", "minimist": "^1.2.3", "mkdirp-classic": "^0.5.3", "napi-build-utils": "^2.0.0", "node-abi": "^3.3.0", "pump": "^3.0.0", "rc": "^1.2.7", "simple-get": "^4.0.0", "tar-fs": "^2.0.0", "tunnel-agent": "^0.6.0" }, "bin": { "prebuild-install": "bin.js" } }, "sha512-8Mf2cbV7x1cXPUILADGI3wuhfqWvtiLA1iclTDbFRZkgRQS0NqsPZphna9V+HyTEadheuPmjaJMsbzKQFOzLug=="],

    "pump": ["pump@3.0.4", "", { "dependencies": { "end-of-stream": "^1.1.0", "once": "^1.3.1" } }, "sha512-VS7sjc6KR7e1ukRFhQSY5LM2uBWAUPiOPa/A3mkKmiMwSmRFUITt0xuj+/lesgnCv+dPIEYlkzrcyXgquIHMcA=="],

    "quickjs-emscripten": ["quickjs-emscripten@0.32.0", "", { "dependencies": { "@jitl/quickjs-wasmfile-debug-asyncify": "0.32.0", "@jitl/quickjs-wasmfile-debug-sync": "0.32.0", "@jitl/quickjs-wasmfile-release-asyncify": "0.32.0", "@jitl/quickjs-wasmfile-release-sync": "0.32.0", "quickjs-emscripten-core": "0.32.0" } }, "sha512-So0Sqw869y/S2oE3Nuc0uT3Dhqgvsj8FSrwBdsuTosVsG8ME5/OcudU1GxsrIFdFABgy17GHnTVO9TYV/bLQcA=="],

    "quickjs-emscripten-core": ["quickjs-emscripten-core@0.32.0", "", { "dependencies": { "@jitl/quickjs-ffi-types": "0.32.0" } }, "sha512-QFnPfjFey8EqknSrSxe1hZrf1/8z7/6s1QzGOmKo6++02r7QRRX7ZoyNaZh7JuVjWsVW87KnQrbZqnHkOAzUyg=="],

    "rc": ["rc@1.2.8", "", { "dependencies": { "deep-extend": "^0.6.0", "ini": "~1.3.0", "minimist": "^1.2.0", "strip-json-comments": "~2.0.1" }, "bin": { "rc": "./cli.js" } }, "sha512-y3bGgqKj3QBdxLbLkomlohkvsA8gdAiUQlSBJnBhfn+BPxg4bc62d8TcBW15wavDfgexCgccckhcZvywyQYPOw=="],

    "re2js": ["re2js@1.4.0", "", {}, "sha512-KTOIcZTSOpOxbu3i0+T6mFQ6tkxXKlTxfcMFs1trQbsMnG84qNq+DjXr8Afu+FEFjvF1NNlldpC7roPyazFI8g=="],

    "readable-stream": ["readable-stream@3.6.2", "", { "dependencies": { "inherits": "^2.0.3", "string_decoder": "^1.1.1", "util-deprecate": "^1.0.1" } }, "sha512-9u/sniCrY3D5WdsERHzHE4G2YCXqoG5FTHUiCC4SIbr6XcLZBY05ya9EKjYek9O5xOAwjGq+1JdGBAS7Q9ScoA=="],

    "safe-buffer": ["safe-buffer@5.2.1", "", {}, "sha512-rp3So07KcdmmKbGvgaNxQSJr7bGVSVk5S9Eq1F+ppbRo70+YeaDxkw5Dd8NPN+GD6bjnYm2VuPuCXmpuYvmCXQ=="],

    "seek-bzip": ["seek-bzip@2.0.0", "", { "dependencies": { "commander": "^6.0.0" }, "bin": { "seek-bunzip": "bin/seek-bunzip", "seek-table": "bin/seek-bzip-table" } }, "sha512-SMguiTnYrhpLdk3PwfzHeotrcwi8bNV4iemL9tx9poR/yeaMYwB9VzR1w7b57DuWpuqR8n6oZboi0hj3AxZxQg=="],

    "semver": ["semver@7.8.5", "", { "bin": { "semver": "bin/semver.js" } }, "sha512-Y7/KDsb8LjooZpwaqGyulO6DQlksgCncchHGk+sZIY4SBvUocMBEFH5Ur1fI4dV+Jvl0w6cjvucaIi40puRioA=="],

    "simple-concat": ["simple-concat@1.0.1", "", {}, "sha512-cSFtAPtRhljv69IK0hTVZQ+OfE9nePi/rtJmw5UjHeVyVroEqJXP1sFztKUy1qU+xvz3u/sfYJLa947b7nAN2Q=="],

    "simple-get": ["simple-get@4.0.1", "", { "dependencies": { "decompress-response": "^6.0.0", "once": "^1.3.1", "simple-concat": "^1.0.0" } }, "sha512-brv7p5WgH0jmQJr1ZDDfKDOSeWWg+OVypG99A/5vYGPqJ6pxiaHLy8nxtFjBA7oMa01ebA9gfh1uMCFqOuXxvA=="],

    "smol-toml": ["smol-toml@1.8.0", "", {}, "sha512-kCZr2V3ch9i00x8zXRhjUNVcjG9ijES5dDudkXvUVCT5QlJNQWElSJdZqyPemffHoLNUYwOcou0Fy+ojN0uHSQ=="],

    "sprintf-js": ["sprintf-js@1.1.3", "", {}, "sha512-Oo+0REFV59/rz3gfJNKQiBlwfHaSESl1pcGyABQsnnIfWOFt6JNj5gCog2U6MLZ//IGYD+nA8nI+mTShREReaA=="],

    "sql.js": ["sql.js@1.14.2", "", {}, "sha512-3ZGPovObMFrdw79zrUHbfdE/DLIsy8jdNdssmMSQuRAymedU6q84asPt0kgiqrdMYlPegDItiIMfmIXzZnYFcw=="],

    "string_decoder": ["string_decoder@1.3.0", "", { "dependencies": { "safe-buffer": "~5.2.0" } }, "sha512-hkRX8U1WjJFd8LsDJ2yQ/wWWxaopEsABU1XfkM8A+j0+85JAGppt16cr1Whg6KIbb4okU6Mql6BOj+uup/wKeA=="],

    "strip-json-comments": ["strip-json-comments@2.0.1", "", {}, "sha512-4gB8na07fecVVkOI6Rs4e7T6NOTki5EmL7TUduTs6bu3EdnSycntVJ4re8kgZA+wx9IueI2Y11bfbgwtzuE0KQ=="],

    "strnum": ["strnum@2.4.2", "", { "dependencies": { "anynum": "^1.0.1" } }, "sha512-rDG3Ah4TV0k1hWvLSzkZtMmLN9+eS+h3knq4MP6A42Y3Yh5qGNnOUs1jJkoSr8FG5dsL28c7KgkIBzSEykqtuw=="],

    "strtok3": ["strtok3@10.3.5", "", { "dependencies": { "@tokenizer/token": "^0.3.0" } }, "sha512-ki4hZQfh5rX0QDLLkOCj+h+CVNkqmp/CMf8v8kZpkNVK6jGQooMytqzLZYUVYIZcFZ6yDB70EfD8POcFXiF5oA=="],

    "tar-fs": ["tar-fs@2.1.5", "", { "dependencies": { "chownr": "^1.1.1", "mkdirp-classic": "^0.5.2", "pump": "^3.0.0", "tar-stream": "^2.1.4" } }, "sha512-OboTd8mmMhZDNPV+UjQcK9yKAatXu2aJ+r1w4im1Otd4M4fl2hwvdoXUxIYHFTHWK/3y3FarBP70v3vwmGlOxw=="],

    "tar-stream": ["tar-stream@2.2.0", "", { "dependencies": { "bl": "^4.0.3", "end-of-stream": "^1.4.1", "fs-constants": "^1.0.0", "inherits": "^2.0.3", "readable-stream": "^3.1.1" } }, "sha512-ujeqbceABgwMZxEJnk2HDY2DlnUZ+9oEcb1KzTVfYHio0UE6dG71n60d8D2I4qNvleWrrXpmjpt7vZeF1LnMZQ=="],

    "token-types": ["token-types@6.1.2", "", { "dependencies": { "@borewit/text-codec": "^0.2.1", "@tokenizer/token": "^0.3.0", "ieee754": "^1.2.1" } }, "sha512-dRXchy+C0IgK8WPC6xvCHFRIWYUbqqdEIKPaKo/AcTUNzwLTK6AH7RjdLWsEZcAN/TBdtfUw3PYEgPr5VPr6ww=="],

    "tunnel-agent": ["tunnel-agent@0.6.0", "", { "dependencies": { "safe-buffer": "^5.0.1" } }, "sha512-McnNiV1l8RYeY8tBgEpuodCC1mLUdbSN+CYBL7kJsJNInOP8UjDDEwdk6Mw60vdLLrr5NHKZhMAOSrR2NZuQ+w=="],

    "turndown": ["turndown@7.2.4", "", { "dependencies": { "@mixmark-io/domino": "^2.2.0" } }, "sha512-I8yFsfRzmzK0WV1pNNOA4A7y4RDfFxPRxb3t+e3ui14qSGOxGtiSP6GjeX+Y6CHb7HYaFj7ECUD7VE5kQMZWGQ=="],

    "typescript": ["typescript@5.9.3", "", { "bin": { "tsc": "bin/tsc", "tsserver": "bin/tsserver" } }, "sha512-jl1vZzPDinLr9eUt3J/t7V6FgNEw9QjvBPdysz9KfQDD41fQrC2Y4vKQdiaUpFT4bXlb1RHhLpp8wtm6M5TgSw=="],

    "uint8array-extras": ["uint8array-extras@1.5.0", "", {}, "sha512-rvKSBiC5zqCCiDZ9kAOszZcDvdAHwwIKJG33Ykj43OKcWsnmcBRL09YTU4nOeHZ8Y2a7l1MgTd08SBe9A8Qj6A=="],

    "undici": ["undici@7.29.1", "", {}, "sha512-RYONW2MeafgYlkVOKYKkA/Ag7BmXqgIWCa8t1m0JcxrQg9pI9lEqRhAOruOBCbAohOa/gkCF+iPi9hrgvTzu6Q=="],

    "undici-types": ["undici-types@8.9.0", "", {}, "sha512-KTDyRTYX8sWmKXAikPHHSyc63CRPETMctyjKFupcC6OBLXT3xsN0e9aF7m+mIXutFWpUXuedtowG7iLOzp0kQg=="],

    "util-deprecate": ["util-deprecate@1.0.2", "", {}, "sha512-EPD5q1uXyFxJpCrLnCc1nHnq3gOa6DZBocAIiI2TaSCA7VCJ1UJDMagCzIkXNsUYfD1daK//LTEQ8xiIbrHtcw=="],

    "wrappy": ["wrappy@1.0.2", "", {}, "sha512-l4Sp/DRseor9wL6EvV2+TuQn63dMkPjZ/sp9XkghTEbV9KlPS1xUsZ3u7/IQO4wxtcFB4bgpQPRcR3QCvezPcQ=="],

    "xml-naming": ["xml-naming@0.3.0", "", {}, "sha512-ghig2TBE/H11aOVgmahA3MhimvkBr6JIYknH/Dhdk10nXwdbIqBJsbfMxpvFPG8bAw77gN29aQWvKpmVoPlvPQ=="],

    "yaml": ["yaml@2.9.1", "", { "bin": { "yaml": "bin.mjs" } }, "sha512-3NxN8+78OdzbT7C/WjGsyfPAtJaN3FNDsWxv7Y7mcDsT/oOmgW8BpyQQFFBnvZE3j9Y2Sdz1ULFLezL7Eb2yFw=="],

    "zod": ["zod@4.4.3", "", {}, "sha512-ytENFjIJFl2UwYglde2jchW2Hwm4GJFLDiSXWdTrJQBIN9Fcyp7n4DhxJEiWNAJMV1/BqWfW/kkg71UDcHJyTQ=="],

    "@ai-sdk/openai/@ai-sdk/provider": ["@ai-sdk/provider@3.0.14", "", { "dependencies": { "json-schema": "^0.4.0" } }, "sha512-5X1k57JBJ4H7H1QjX7CnJYAB1I19r/trVZTMcSms7/kLNZ8RaU4Nt2agcwZzv82Hfx6Q7/TOLU7agAKeFfc8cA=="],

    "@ai-sdk/openai/@ai-sdk/provider-utils": ["@ai-sdk/provider-utils@4.0.40", "", { "dependencies": { "@ai-sdk/provider": "3.0.14", "@standard-schema/spec": "^1.1.0", "eventsource-parser": "^3.0.8" }, "peerDependencies": { "zod": "^3.25.76 || ^4.1.8" } }, "sha512-OL5IrpUm9Y8Dwy+w/vvFwPotS6m52O9W0op2oXgXdCROMJIBalBI0oro6OIBYkPxvm5Xg02GSkoQN25RlR0bnw=="],

    "@ai-sdk/provider-utils/undici": ["undici@6.28.1", "", {}, "sha512-zWpdTVD54H48CIybL0rWQ3ukpb9d23wM7eH5RtfdmeP70cWHNjtfo7P4vZX+5CoDcO53J4Pu5uXp7lNfjc6DRA=="],

    "rc/ini": ["ini@1.3.8", "", {}, "sha512-JV/yugV2uzW5iMRSiZAyDtQd+nxtUnjeLt0acNdw98kKLrvuRVyB80tsREOE7yvGVgalhZ6RNXCmEHkUKBKxew=="],
  }
}
